
Microsoft Visual Studio Solution File, Format Version 12.00
# Visual Studio Version 17
VisualStudioVersion = 17.4.33205.214
MinimumVisualStudioVersion = 10.0.40219.1
Project("{FAE04EC0-301F-11D3-BF4B-00C04F79EFBC}") = "AddressBookProblem", "AddressBookProblem.csproj", "{CF939523-50FE-4103-8FCB-B01DAF4C4606}"
EndProject
Global
	GlobalSection(SolutionConfigurationPlatforms) = preSolution
		Debug|Any CPU = Debug|Any CPU
		Release|Any CPU = Release|Any CPU
	EndGlobalSection
	GlobalSection(ProjectConfigurationPlatforms) = postSolution
		{CF939523-50FE-4103-8FCB-B01DAF4C4606}.Debug|Any CPU.ActiveCfg = Debug|Any CPU
		{CF939523-50FE-4103-8FCB-B01DAF4C4606}.Debug|Any CPU.Build.0 = Debug|Any CPU
		{CF939523-50FE-4103-8FCB-B01DAF4C4606}.Release|Any CPU.ActiveCfg = Release|Any CPU
		{CF939523-50FE-4103-8FCB-B01DAF4C4606}.Release|Any CPU.Build.0 = Release|Any CPU
	EndGlobalSection
	GlobalSection(SolutionProperties) = preSolution
		HideSolutionNode = FALSE
	EndGlobalSection
	GlobalSection(ExtensibilityGlobals) = postSolution
		SolutionGuid = {EC8B8D5A-F5AF-44EA-A167-915738600E25}
	EndGlobalSection
EndGlobal
